<?xml version="1.0" encoding="utf-8"?>
<Project ToolsVersion="16.0" xmlns="http://schemas.microsoft.com/developer/msbuild/2003">
  <ItemGroup>
    <ClCompile Include="C:\Users\aleks\Documents\GitHub\Lab3\lab\source\test.cpp">
      <Filter>Source Files</Filter>
    </ClCompile>
    <ClCompile Include="C:\Users\aleks\Documents\GitHub\Lab3\lab\source\bitfield.cpp">
      <Filter>Source Files</Filter>
    </ClCompile>
    <ClCompile Include="C:\Users\aleks\Documents\GitHub\Lab3\lab\source\set.cpp">
      <Filter>Source Files</Filter>
    </ClCompile>
  </ItemGroup>
  <ItemGroup>
    <ClInclude Include="C:\Users\aleks\Documents\GitHub\Lab3\lab\source\bitfield.h">
      <Filter>Header Files</Filter>
    </ClInclude>
    <ClInclude Include="C:\Users\aleks\Documents\GitHub\Lab3\lab\source\set.h">
      <Filter>Header Files</Filter>
    </ClInclude>
  </ItemGroup>
  <ItemGroup>
    <CustomBuild Include="C:\Users\aleks\Documents\GitHub\Lab3\lab\source\CMakeLists.txt" />
  </ItemGroup>
  <ItemGroup>
    <Filter Include="Header Files">
      <UniqueIdentifier>{C4935301-6218-3E31-93CF-4DD7F53BEF34}</UniqueIdentifier>
    </Filter>
    <Filter Include="Source Files">
      <UniqueIdentifier>{488EA57E-E936-342D-A505-0ACB324427E5}</UniqueIdentifier>
    </Filter>
  </ItemGroup>
</Project>
